// !$*UTF8*$!
{
	archiveVersion = 1;
	classes = {
	};
	objectVersion = 50;
	objects = {

/* Begin PBXBuildFile section */
		6027102E266639E000033703 /* AppDelegate.swift in Sources */ = {isa = PBXBuildFile; fileRef = 6027102D266639E000033703 /* AppDelegate.swift */; };
		60271030266639E000033703 /* SceneDelegate.swift in Sources */ = {isa = PBXBuildFile; fileRef = 6027102F266639E000033703 /* SceneDelegate.swift */; };
		60271032266639E000033703 /* MainViewController.swift in Sources */ = {isa = PBXBuildFile; fileRef = 60271031266639E000033703 /* MainViewController.swift */; };
		60271037266639E200033703 /* Assets.xcassets in Resources */ = {isa = PBXBuildFile; fileRef = 60271036266639E200033703 /* Assets.xcassets */; };
		6027103A266639E200033703 /* LaunchScreen.storyboard in Resources */ = {isa = PBXBuildFile; fileRef = 60271038266639E200033703 /* LaunchScreen.storyboard */; };
		6027104526663C3C00033703 /* NewsTableViewCell.swift in Sources */ = {isa = PBXBuildFile; fileRef = 6027104426663C3C00033703 /* NewsTableViewCell.swift */; };
		6027104726664A5B00033703 /* News.swift in Sources */ = {isa = PBXBuildFile; fileRef = 6027104626664A5B00033703 /* News.swift */; };
		6027104926664AED00033703 /* NewsNetworkService.swift in Sources */ = {isa = PBXBuildFile; fileRef = 6027104826664AED00033703 /* NewsNetworkService.swift */; };
		6027104B26664BAC00033703 /* NewsNetworkServiceProtocol.swift in Sources */ = {isa = PBXBuildFile; fileRef = 6027104A26664BAC00033703 /* NewsNetworkServiceProtocol.swift */; };
		6027104D2666589400033703 /* DetailedNewsViewController.swift in Sources */ = {isa = PBXBuildFile; fileRef = 6027104C2666589400033703 /* DetailedNewsViewController.swift */; };
		6027104F266658D800033703 /* DetailedNewsView.swift in Sources */ = {isa = PBXBuildFile; fileRef = 6027104E266658D800033703 /* DetailedNewsView.swift */; };
		60271051266666E500033703 /* SourceViewController.swift in Sources */ = {isa = PBXBuildFile; fileRef = 60271050266666E500033703 /* SourceViewController.swift */; };
		6027105326666B9000033703 /* NewsParameters.swift in Sources */ = {isa = PBXBuildFile; fileRef = 6027105226666B9000033703 /* NewsParameters.swift */; };
		6027105526666E2300033703 /* ParametersViewController.swift in Sources */ = {isa = PBXBuildFile; fileRef = 6027105426666E2300033703 /* ParametersViewController.swift */; };
		6027105726666F0500033703 /* ParametersTableViewCell.swift in Sources */ = {isa = PBXBuildFile; fileRef = 6027105626666F0500033703 /* ParametersTableViewCell.swift */; };
/* End PBXBuildFile section */

/* Begin PBXFileReference section */
		6027102A266639E000033703 /* Network.app */ = {isa = PBXFileReference; explicitFileType = wrapper.application; includeInIndex = 0; path = Network.app; sourceTree = BUILT_PRODUCTS_DIR; };
		6027102D266639E000033703 /* AppDelegate.swift */ = {isa = PBXFileReference; lastKnownFileType = sourcecode.swift; path = AppDelegate.swift; sourceTree = "<group>"; };
		6027102F266639E000033703 /* SceneDelegate.swift */ = {isa = PBXFileReference; lastKnownFileType = sourcecode.swift; path = SceneDelegate.swift; sourceTree = "<group>"; };
		60271031266639E000033703 /* MainViewController.swift */ = {isa = PBXFileReference; lastKnownFileType = sourcecode.swift; path = MainViewController.swift; sourceTree = "<group>"; };
		60271036266639E200033703 /* Assets.xcassets */ = {isa = PBXFileReference; lastKnownFileType = folder.assetcatalog; path = Assets.xcassets; sourceTree = "<group>"; };
		60271039266639E200033703 /* Base */ = {isa = PBXFileReference; lastKnownFileType = file.storyboard; name = Base; path = Base.lproj/LaunchScreen.storyboard; sourceTree = "<group>"; };
		6027103B266639E200033703 /* Info.plist */ = {isa = PBXFileReference; lastKnownFileType = text.plist.xml; path = Info.plist; sourceTree = "<group>"; };
		6027104426663C3C00033703 /* NewsTableViewCell.swift */ = {isa = PBXFileReference; lastKnownFileType = sourcecode.swift; path = NewsTableViewCell.swift; sourceTree = "<group>"; };
		6027104626664A5B00033703 /* News.swift */ = {isa = PBXFileReference; lastKnownFileType = sourcecode.swift; path = News.swift; sourceTree = "<group>"; };
		6027104826664AED00033703 /* NewsNetworkService.swift */ = {isa = PBXFileReference; lastKnownFileType = sourcecode.swift; path = NewsNetworkService.swift; sourceTree = "<group>"; };
		6027104A26664BAC00033703 /* NewsNetworkServiceProtocol.swift */ = {isa = PBXFileReference; lastKnownFileType = sourcecode.swift; path = NewsNetworkServiceProtocol.swift; sourceTree = "<group>"; };
		6027104C2666589400033703 /* DetailedNewsViewController.swift */ = {isa = PBXFileReference; lastKnownFileType = sourcecode.swift; path = DetailedNewsViewController.swift; sourceTree = "<group>"; };
		6027104E266658D800033703 /* DetailedNewsView.swift */ = {isa = PBXFileReference; lastKnownFileType = sourcecode.swift; path = DetailedNewsView.swift; sourceTree = "<group>"; };
		60271050266666E500033703 /* SourceViewController.swift */ = {isa = PBXFileReference; lastKnownFileType = sourcecode.swift; path = SourceViewController.swift; sourceTree = "<group>"; };
		6027105226666B9000033703 /* NewsParameters.swift */ = {isa = PBXFileReference; lastKnownFileType = sourcecode.swift; path = NewsParameters.swift; sourceTree = "<group>"; };
		6027105426666E2300033703 /* ParametersViewController.swift */ = {isa = PBXFileReference; lastKnownFileType = sourcecode.swift; path = ParametersViewController.swift; sourceTree = "<group>"; };
		6027105626666F0500033703 /* ParametersTableViewCell.swift */ = {isa = PBXFileReference; lastKnownFileType = sourcecode.swift; path = ParametersTableViewCell.swift; sourceTree = "<group>"; };
/* End PBXFileReference section */

/* Begin PBXFrameworksBuildPhase section */
		60271027266639E000033703 /* Frameworks */ = {
			isa = PBXFrameworksBuildPhase;
			buildActionMask = 2147483647;
			files = (
			);
			runOnlyForDeploymentPostprocessing = 0;
		};
/* End PBXFrameworksBuildPhase section */

/* Begin PBXGroup section */
		60271021266639E000033703 = {
			isa = PBXGroup;
			children = (
				6027102C266639E000033703 /* Network */,
				6027102B266639E000033703 /* Products */,
			);
			sourceTree = "<group>";
		};
		6027102B266639E000033703 /* Products */ = {
			isa = PBXGroup;
			children = (
				6027102A266639E000033703 /* Network.app */,
			);
			name = Products;
			sourceTree = "<group>";
		};
		6027102C266639E000033703 /* Network */ = {
			isa = PBXGroup;
			children = (
				6027102D266639E000033703 /* AppDelegate.swift */,
				6027102F266639E000033703 /* SceneDelegate.swift */,
				6027104326663AE600033703 /* Model */,
				6027104226663AD900033703 /* View */,
				6027104126663AD100033703 /* Controller */,
				60271036266639E200033703 /* Assets.xcassets */,
				60271038266639E200033703 /* LaunchScreen.storyboard */,
				6027103B266639E200033703 /* Info.plist */,
			);
			path = Network;
			sourceTree = "<group>";
		};
		6027104126663AD100033703 /* Controller */ = {
			isa = PBXGroup;
			children = (
				60271031266639E000033703 /* MainViewController.swift */,
				6027104C2666589400033703 /* DetailedNewsViewController.swift */,
				60271050266666E500033703 /* SourceViewController.swift */,
				6027105426666E2300033703 /* ParametersViewController.swift */,
			);
			path = Controller;
			sourceTree = "<group>";
		};
		6027104226663AD900033703 /* View */ = {
			isa = PBXGroup;
			children = (
				6027104426663C3C00033703 /* NewsTableViewCell.swift */,
				6027104E266658D800033703 /* DetailedNewsView.swift */,
				6027105626666F0500033703 /* ParametersTableViewCell.swift */,
			);
			path = View;
			sourceTree = "<group>";
		};
		6027104326663AE600033703 /* Model */ = {
			isa = PBXGroup;
			children = (
				6027104626664A5B00033703 /* News.swift */,
				6027105226666B9000033703 /* NewsParameters.swift */,
				6027104A26664BAC00033703 /* NewsNetworkServiceProtocol.swift */,
				6027104826664AED00033703 /* NewsNetworkService.swift */,
			);
			path = Model;
			sourceTree = "<group>";
		};
/* End PBXGroup section */

/* Begin PBXNativeTarget section */
		60271029266639E000033703 /* Network */ = {
			isa = PBXNativeTarget;
			buildConfigurationList = 6027103E266639E200033703 /* Build configuration list for PBXNativeTarget "Network" */;
			buildPhases = (
				60271026266639E000033703 /* Sources */,
				60271027266639E000033703 /* Frameworks */,
				60271028266639E000033703 /* Resources */,
			);
			buildRules = (
			);
			dependencies = (
			);
			name = Network;
			productName = Network;
			productReference = 6027102A266639E000033703 /* Network.app */;
			productType = "com.apple.product-type.application";
		};
/* End PBXNativeTarget section */

/* Begin PBXProject section */
		60271022266639E000033703 /* Project object */ = {
			isa = PBXProject;
			attributes = {
				LastSwiftUpdateCheck = 1250;
				LastUpgradeCheck = 1250;
				TargetAttributes = {
					60271029266639E000033703 = {
						CreatedOnToolsVersion = 12.5;
					};
				};
			};
			buildConfigurationList = 60271025266639E000033703 /* Build configuration list for PBXProject "Network" */;
			compatibilityVersion = "Xcode 9.3";
			developmentRegion = en;
			hasScannedForEncodings = 0;
			knownRegions = (
				en,
				Base,
			);
			mainGroup = 60271021266639E000033703;
			productRefGroup = 6027102B266639E000033703 /* Products */;
			projectDirPath = "";
			projectRoot = "";
			targets = (
				60271029266639E000033703 /* Network */,
			);
		};
/* End PBXProject section */

/* Begin PBXResourcesBuildPhase section */
		60271028266639E000033703 /* Resources */ = {
			isa = PBXResourcesBuildPhase;
			buildActionMask = 2147483647;
			files = (
				6027103A266639E200033703 /* LaunchScreen.storyboard in Resources */,
				60271037266639E200033703 /* Assets.xcassets in Resources */,
			);
			runOnlyForDeploymentPostprocessing = 0;
		};
/* End PBXResourcesBuildPhase section */

/* Begin PBXSourcesBuildPhase section */
		60271026266639E000033703 /* Sources */ = {
			isa = PBXSourcesBuildPhase;
			buildActionMask = 2147483647;
			files = (
				6027104B26664BAC00033703 /* NewsNetworkServiceProtocol.swift in Sources */,
				60271032266639E000033703 /* MainViewController.swift in Sources */,
				6027102E266639E000033703 /* AppDelegate.swift in Sources */,
				6027104F266658D800033703 /* DetailedNewsView.swift in Sources */,
				6027105526666E2300033703 /* ParametersViewController.swift in Sources */,
				6027104526663C3C00033703 /* NewsTableViewCell.swift in Sources */,
				60271051266666E500033703 /* SourceViewController.swift in Sources */,
				6027104926664AED00033703 /* NewsNetworkService.swift in Sources */,
				6027104726664A5B00033703 /* News.swift in Sources */,
				6027104D2666589400033703 /* DetailedNewsViewController.swift in Sources */,
				60271030266639E000033703 /* SceneDelegate.swift in Sources */,
				6027105726666F0500033703 /* ParametersTableViewCell.swift in Sources */,
				6027105326666B9000033703 /* NewsParameters.swift in Sources */,
			);
			runOnlyForDeploymentPostprocessing = 0;
		};
/* End PBXSourcesBuildPhase section */

/* Begin PBXVariantGroup section */
		60271038266639E200033703 /* LaunchScreen.storyboard */ = {
			isa = PBXVariantGroup;
			children = (
				60271039266639E200033703 /* Base */,
			);
			name = LaunchScreen.storyboard;
			sourceTree = "<group>";
		};
/* End PBXVariantGroup section */

/* Begin XCBuildConfiguration section */
		6027103C266639E200033703 /* Debug */ = {
			isa = XCBuildConfiguration;
			buildSettings = {
				ALWAYS_SEARCH_USER_PATHS = NO;
				CLANG_ANALYZER_NONNULL = YES;
				CLANG_ANALYZER_NUMBER_OBJECT_CONVERSION = YES_AGGRESSIVE;
				CLANG_CXX_LANGUAGE_STANDARD = "gnu++14";
				CLANG_CXX_LIBRARY = "libc++";
				CLANG_ENABLE_MODULES = YES;
				CLANG_ENABLE_OBJC_ARC = YES;
				CLANG_ENABLE_OBJC_WEAK = YES;
				CLANG_WARN_BLOCK_CAPTURE_AUTORELEASING = YES;
				CLANG_WARN_BOOL_CONVERSION = YES;
				CLANG_WARN_COMMA = YES;
				CLANG_WARN_CONSTANT_CONVERSION = YES;
				CLANG_WARN_DEPRECATED_OBJC_IMPLEMENTATIONS = YES;
				CLANG_WARN_DIRECT_OBJC_ISA_USAGE = YES_ERROR;
				CLANG_WARN_DOCUMENTATION_COMMENTS = YES;
				CLANG_WARN_EMPTY_BODY = YES;
				CLANG_WARN_ENUM_CONVERSION = YES;
				CLANG_WARN_INFINITE_RECURSION = YES;
				CLANG_WARN_INT_CONVERSION = YES;
				CLANG_WARN_NON_LITERAL_NULL_CONVERSION = YES;
				CLANG_WARN_OBJC_IMPLICIT_RETAIN_SELF = YES;
				CLANG_WARN_OBJC_LITERAL_CONVERSION = YES;
				CLANG_WARN_OBJC_ROOT_CLASS = YES_ERROR;
				CLANG_WARN_QUOTED_INCLUDE_IN_FRAMEWORK_HEADER = YES;
				CLANG_WARN_RANGE_LOOP_ANALYSIS = YES;
				CLANG_WARN_STRICT_PROTOTYPES = YES;
				CLANG_WARN_SUSPICIOUS_MOVE = YES;
				CLANG_WARN_UNGUARDED_AVAILABILITY = YES_AGGRESSIVE;
				CLANG_WARN_UNREACHABLE_CODE = YES;
				CLANG_WARN__DUPLICATE_METHOD_MATCH = YES;
				COPY_PHASE_STRIP = NO;
				DEBUG_INFORMATION_FORMAT = dwarf;
				ENABLE_STRICT_OBJC_MSGSEND = YES;
				ENABLE_TESTABILITY = YES;
				GCC_C_LANGUAGE_STANDARD = gnu11;
				GCC_DYNAMIC_NO_PIC = NO;
				GCC_NO_COMMON_BLOCKS = YES;
				GCC_OPTIMIZATION_LEVEL = 0;
				GCC_PREPROCESSOR_DEFINITIONS = (
					"DEBUG=1",
					"$(inherited)",
				);
				GCC_WARN_64_TO_32_BIT_CONVERSION = YES;
				GCC_WARN_ABOUT_RETURN_TYPE = YES_ERROR;
				GCC_WARN_UNDECLARED_SELECTOR = YES;
				GCC_WARN_UNINITIALIZED_AUTOS = YES_AGGRESSIVE;
				GCC_WARN_UNUSED_FUNCTION = YES;
				GCC_WARN_UNUSED_VARIABLE = YES;
				IPHONEOS_DEPLOYMENT_TARGET = 14.5;
				MTL_ENABLE_DEBUG_INFO = INCLUDE_SOURCE;
				MTL_FAST_MATH = YES;
				ONLY_ACTIVE_ARCH = YES;
				SDKROOT = iphoneos;
				SWIFT_ACTIVE_COMPILATION_CONDITIONS = DEBUG;
				SWIFT_OPTIMIZATION_LEVEL = "-Onone";
			};
			name = Debug;
		};
		6027103D266639E200033703 /* Release */ = {
			isa = XCBuildConfiguration;
			buildSettings = {
				ALWAYS_SEARCH_USER_PATHS = NO;
				CLANG_ANALYZER_NONNULL = YES;
				CLANG_ANALYZER_NUMBER_OBJECT_CONVERSION = YES_AGGRESSIVE;
				CLANG_CXX_LANGUAGE_STANDARD = "gnu++14";
				CLANG_CXX_LIBRARY = "libc++";
				CLANG_ENABLE_MODULES = YES;
				CLANG_ENABLE_OBJC_ARC = YES;
				CLANG_ENABLE_OBJC_WEAK = YES;
				CLANG_WARN_BLOCK_CAPTURE_AUTORELEASING = YES;
				CLANG_WARN_BOOL_CONVERSION = YES;
				CLANG_WARN_COMMA = YES;
				CLANG_WARN_CONSTANT_CONVERSION = YES;
				CLANG_WARN_DEPRECATED_OBJC_IMPLEMENTATIONS = YES;
				CLANG_WARN_DIRECT_OBJC_ISA_USAGE = YES_ERROR;
				CLANG_WARN_DOCUMENTATION_COMMENTS = YES;
				CLANG_WARN_EMPTY_BODY = YES;
				CLANG_WARN_ENUM_CONVERSION = YES;
				CLANG_WARN_INFINITE_RECURSION = YES;
				CLANG_WARN_INT_CONVERSION = YES;
				CLANG_WARN_NON_LITERAL_NULL_CONVERSION = YES;
				CLANG_WARN_OBJC_IMPLICIT_RETAIN_SELF = YES;
				CLANG_WARN_OBJC_LITERAL_CONVERSION = YES;
				CLANG_WARN_OBJC_ROOT_CLASS = YES_ERROR;
				CLANG_WARN_QUOTED_INCLUDE_IN_FRAMEWORK_HEADER = YES;
				CLANG_WARN_RANGE_LOOP_ANALYSIS = YES;
				CLANG_WARN_STRICT_PROTOTYPES = YES;
				CLANG_WARN_SUSPICIOUS_MOVE = YES;
				CLANG_WARN_UNGUARDED_AVAILABILITY = YES_AGGRESSIVE;
				CLANG_WARN_UNREACHABLE_CODE = YES;
				CLANG_WARN__DUPLICATE_METHOD_MATCH = YES;
				COPY_PHASE_STRIP = NO;
				DEBUG_INFORMATION_FORMAT = "dwarf-with-dsym";
				ENABLE_NS_ASSERTIONS = NO;
				ENABLE_STRICT_OBJC_MSGSEND = YES;
				GCC_C_LANGUAGE_STANDARD = gnu11;
				GCC_NO_COMMON_BLOCKS = YES;
				GCC_WARN_64_TO_32_BIT_CONVERSION = YES;
				GCC_WARN_ABOUT_RETURN_TYPE = YES_ERROR;
				GCC_WARN_UNDECLARED_SELECTOR = YES;
				GCC_WARN_UNINITIALIZED_AUTOS = YES_AGGRESSIVE;
				GCC_WARN_UNUSED_FUNCTION = YES;
				GCC_WARN_UNUSED_VARIABLE = YES;
				IPHONEOS_DEPLOYMENT_TARGET = 14.5;
				MTL_ENABLE_DEBUG_INFO = NO;
				MTL_FAST_MATH = YES;
				SDKROOT = iphoneos;
				SWIFT_COMPILATION_MODE = wholemodule;
				SWIFT_OPTIMIZATION_LEVEL = "-O";
				VALIDATE_PRODUCT = YES;
			};
			name = Release;
		};
		6027103F266639E200033703 /* Debug */ = {
			isa = XCBuildConfiguration;
			buildSettings = {
				ASSETCATALOG_COMPILER_APPICON_NAME = AppIcon;
				ASSETCATALOG_COMPILER_GLOBAL_ACCENT_COLOR_NAME = AccentColor;
				CODE_SIGN_STYLE = Automatic;
				DEVELOPMENT_TEAM = JCV48HS79W;
				INFOPLIST_FILE = Network/Info.plist;
				LD_RUNPATH_SEARCH_PATHS = (
					"$(inherited)",
					"@executable_path/Frameworks",
				);
				PRODUCT_BUNDLE_IDENTIFIER = "Nikolai-Sokol.Network";
				PRODUCT_NAME = "$(TARGET_NAME)";
				SWIFT_VERSION = 5.0;
				TARGETED_DEVICE_FAMILY = "1,2";
			};
			name = Debug;
		};
		60271040266639E200033703 /* Release */ = {
			isa = XCBuildConfiguration;
			buildSettings = {
				ASSETCATALOG_COMPILER_APPICON_NAME = AppIcon;
				ASSETCATALOG_COMPILER_GLOBAL_ACCENT_COLOR_NAME = AccentColor;
				CODE_SIGN_STYLE = Automatic;
				DEVELOPMENT_TEAM = JCV48HS79W;
				INFOPLIST_FILE = Network/Info.plist;
				LD_RUNPATH_SEARCH_PATHS = (
					"$(inherited)",
					"@executable_path/Frameworks",
				);
				PRODUCT_BUNDLE_IDENTIFIER = "Nikolai-Sokol.Network";
				PRODUCT_NAME = "$(TARGET_NAME)";
				SWIFT_VERSION = 5.0;
				TARGETED_DEVICE_FAMILY = "1,2";
			};
			name = Release;
		};
/* End XCBuildConfiguration section */

/* Begin XCConfigurationList section */
		60271025266639E000033703 /* Build configuration list for PBXProject "Network" */ = {
			isa = XCConfigurationList;
			buildConfigurations = (
				6027103C266639E200033703 /* Debug */,
				6027103D266639E200033703 /* Release */,
			);
			defaultConfigurationIsVisible = 0;
			defaultConfigurationName = Release;
		};
		6027103E266639E200033703 /* Build configuration list for PBXNativeTarget "Network" */ = {
			isa = XCConfigurationList;
			buildConfigurations = (
				6027103F266639E200033703 /* Debug */,
				60271040266639E200033703 /* Release */,
			);
			defaultConfigurationIsVisible = 0;
			defaultConfigurationName = Release;
		};
/* End XCConfigurationList section */
	};
	rootObject = 60271022266639E000033703 /* Project object */;
}
